
Microsoft Visual Studio Solution File, Format Version 12.00
# Visual Studio Version 17
VisualStudioVersion = 17.0.31903.59
MinimumVisualStudioVersion = 10.0.40219.1
Project("{2150E333-8FDC-42A3-9474-1A3956D46DE8}") = "src", "src", "{383918FC-A660-4AD2-AC36-4A93CF286BD2}"
EndProject
Project("{9A19103F-16F7-4668-BE54-9A1E7A4F7556}") = "Xerris.Nuke.Components", "src\Components\Xerris.Nuke.Components.csproj", "{6532F8B0-D1AF-4D8F-9D61-C8337111A76D}"
EndProject
Project("{9A19103F-16F7-4668-BE54-9A1E7A4F7556}") = "_build", "build\_build.csproj", "{0C7A72F0-C1C0-4FFC-AE9A-F5C6F41A5780}"
EndProject
Project("{2150E333-8FDC-42A3-9474-1A3956D46DE8}") = "build", "build", "{5E407C1E-91BD-4615-B3FD-42692957EA4D}"
EndProject
Project("{2150E333-8FDC-42A3-9474-1A3956D46DE8}") = "tests", "tests", "{DFE985A6-4EFE-4F30-BF2A-70ACE7A84369}"
EndProject
Project("{9A19103F-16F7-4668-BE54-9A1E7A4F7556}") = "Xerris.Nuke.Components.Tests", "tests\Components\Xerris.Nuke.Components.Tests.csproj", "{4B74BF65-FC73-44B1-898D-F1120C3CA5A9}"
EndProject
Global
	GlobalSection(SolutionConfigurationPlatforms) = preSolution
		Debug|Any CPU = Debug|Any CPU
		Release|Any CPU = Release|Any CPU
	EndGlobalSection
	GlobalSection(ProjectConfigurationPlatforms) = postSolution
		{6532F8B0-D1AF-4D8F-9D61-C8337111A76D}.Debug|Any CPU.ActiveCfg = Debug|Any CPU
		{6532F8B0-D1AF-4D8F-9D61-C8337111A76D}.Debug|Any CPU.Build.0 = Debug|Any CPU
		{6532F8B0-D1AF-4D8F-9D61-C8337111A76D}.Release|Any CPU.ActiveCfg = Release|Any CPU
		{6532F8B0-D1AF-4D8F-9D61-C8337111A76D}.Release|Any CPU.Build.0 = Release|Any CPU
		{0C7A72F0-C1C0-4FFC-AE9A-F5C6F41A5780}.Debug|Any CPU.ActiveCfg = Debug|Any CPU
		{0C7A72F0-C1C0-4FFC-AE9A-F5C6F41A5780}.Release|Any CPU.ActiveCfg = Release|Any CPU
		{4B74BF65-FC73-44B1-898D-F1120C3CA5A9}.Debug|Any CPU.ActiveCfg = Debug|Any CPU
		{4B74BF65-FC73-44B1-898D-F1120C3CA5A9}.Debug|Any CPU.Build.0 = Debug|Any CPU
		{4B74BF65-FC73-44B1-898D-F1120C3CA5A9}.Release|Any CPU.ActiveCfg = Release|Any CPU
		{4B74BF65-FC73-44B1-898D-F1120C3CA5A9}.Release|Any CPU.Build.0 = Release|Any CPU
	EndGlobalSection
	GlobalSection(SolutionProperties) = preSolution
		HideSolutionNode = FALSE
	EndGlobalSection
	GlobalSection(NestedProjects) = preSolution
		{6532F8B0-D1AF-4D8F-9D61-C8337111A76D} = {383918FC-A660-4AD2-AC36-4A93CF286BD2}
		{0C7A72F0-C1C0-4FFC-AE9A-F5C6F41A5780} = {5E407C1E-91BD-4615-B3FD-42692957EA4D}
		{4B74BF65-FC73-44B1-898D-F1120C3CA5A9} = {DFE985A6-4EFE-4F30-BF2A-70ACE7A84369}
	EndGlobalSection
	GlobalSection(ExtensibilityGlobals) = postSolution
		SolutionGuid = {46DEAAF9-7571-42F3-9A62-D916C632C7A0}
	EndGlobalSection
EndGlobal
