
Microsoft Visual Studio Solution File, Format Version 12.00
# Visual Studio Version 17
VisualStudioVersion = 17.0.31903.59
MinimumVisualStudioVersion = 10.0.40219.1
Project("{9A19103F-16F7-4668-BE54-9A1E7A4F7556}") = "_build", "build\_build.csproj", "{CEC49B77-F20E-4F1C-9375-0101864E6B7C}"
EndProject
Project("{2150E333-8FDC-42A3-9474-1A3956D46DE8}") = "src", "src", "{C5C9E51D-B9C4-4F93-8FA8-B271C1E93A82}"
EndProject
Project("{9A19103F-16F7-4668-BE54-9A1E7A4F7556}") = "Xerris.Nuke.Samples.Test.Library", "src\Library\Xerris.Nuke.Samples.Test.Library.csproj", "{6D29D7A8-EE3B-4683-99EF-D931643A139F}"
EndProject
Project("{2150E333-8FDC-42A3-9474-1A3956D46DE8}") = "tests", "tests", "{DE2C261C-2EB2-4577-879B-21A6DBADD631}"
EndProject
Project("{2150E333-8FDC-42A3-9474-1A3956D46DE8}") = "Library", "Library", "{CA4C3324-1205-40CA-BC01-66ADBBA61EE6}"
EndProject
Project("{9A19103F-16F7-4668-BE54-9A1E7A4F7556}") = "Xerris.Nuke.Samples.Test.Library.Tests", "tests\Library\Xerris.Nuke.Samples.Test.Library.Tests\Xerris.Nuke.Samples.Test.Library.Tests.csproj", "{8DBA0242-92B0-4BFF-A0F3-CFD92EF6EDAB}"
EndProject
Global
	GlobalSection(SolutionConfigurationPlatforms) = preSolution
		Debug|Any CPU = Debug|Any CPU
		Debug|x64 = Debug|x64
		Debug|x86 = Debug|x86
		Release|Any CPU = Release|Any CPU
		Release|x64 = Release|x64
		Release|x86 = Release|x86
	EndGlobalSection
	GlobalSection(ProjectConfigurationPlatforms) = postSolution
		{CEC49B77-F20E-4F1C-9375-0101864E6B7C}.Debug|Any CPU.ActiveCfg = Debug|Any CPU
		{CEC49B77-F20E-4F1C-9375-0101864E6B7C}.Debug|x64.ActiveCfg = Debug|Any CPU
		{CEC49B77-F20E-4F1C-9375-0101864E6B7C}.Debug|x86.ActiveCfg = Debug|Any CPU
		{CEC49B77-F20E-4F1C-9375-0101864E6B7C}.Release|Any CPU.ActiveCfg = Release|Any CPU
		{CEC49B77-F20E-4F1C-9375-0101864E6B7C}.Release|x64.ActiveCfg = Release|Any CPU
		{CEC49B77-F20E-4F1C-9375-0101864E6B7C}.Release|x86.ActiveCfg = Release|Any CPU
		{6D29D7A8-EE3B-4683-99EF-D931643A139F}.Debug|Any CPU.ActiveCfg = Debug|Any CPU
		{6D29D7A8-EE3B-4683-99EF-D931643A139F}.Debug|Any CPU.Build.0 = Debug|Any CPU
		{6D29D7A8-EE3B-4683-99EF-D931643A139F}.Debug|x64.ActiveCfg = Debug|Any CPU
		{6D29D7A8-EE3B-4683-99EF-D931643A139F}.Debug|x64.Build.0 = Debug|Any CPU
		{6D29D7A8-EE3B-4683-99EF-D931643A139F}.Debug|x86.ActiveCfg = Debug|Any CPU
		{6D29D7A8-EE3B-4683-99EF-D931643A139F}.Debug|x86.Build.0 = Debug|Any CPU
		{6D29D7A8-EE3B-4683-99EF-D931643A139F}.Release|Any CPU.ActiveCfg = Release|Any CPU
		{6D29D7A8-EE3B-4683-99EF-D931643A139F}.Release|Any CPU.Build.0 = Release|Any CPU
		{6D29D7A8-EE3B-4683-99EF-D931643A139F}.Release|x64.ActiveCfg = Release|Any CPU
		{6D29D7A8-EE3B-4683-99EF-D931643A139F}.Release|x64.Build.0 = Release|Any CPU
		{6D29D7A8-EE3B-4683-99EF-D931643A139F}.Release|x86.ActiveCfg = Release|Any CPU
		{6D29D7A8-EE3B-4683-99EF-D931643A139F}.Release|x86.Build.0 = Release|Any CPU
		{8DBA0242-92B0-4BFF-A0F3-CFD92EF6EDAB}.Debug|Any CPU.ActiveCfg = Debug|Any CPU
		{8DBA0242-92B0-4BFF-A0F3-CFD92EF6EDAB}.Debug|Any CPU.Build.0 = Debug|Any CPU
		{8DBA0242-92B0-4BFF-A0F3-CFD92EF6EDAB}.Debug|x64.ActiveCfg = Debug|Any CPU
		{8DBA0242-92B0-4BFF-A0F3-CFD92EF6EDAB}.Debug|x64.Build.0 = Debug|Any CPU
		{8DBA0242-92B0-4BFF-A0F3-CFD92EF6EDAB}.Debug|x86.ActiveCfg = Debug|Any CPU
		{8DBA0242-92B0-4BFF-A0F3-CFD92EF6EDAB}.Debug|x86.Build.0 = Debug|Any CPU
		{8DBA0242-92B0-4BFF-A0F3-CFD92EF6EDAB}.Release|Any CPU.ActiveCfg = Release|Any CPU
		{8DBA0242-92B0-4BFF-A0F3-CFD92EF6EDAB}.Release|Any CPU.Build.0 = Release|Any CPU
		{8DBA0242-92B0-4BFF-A0F3-CFD92EF6EDAB}.Release|x64.ActiveCfg = Release|Any CPU
		{8DBA0242-92B0-4BFF-A0F3-CFD92EF6EDAB}.Release|x64.Build.0 = Release|Any CPU
		{8DBA0242-92B0-4BFF-A0F3-CFD92EF6EDAB}.Release|x86.ActiveCfg = Release|Any CPU
		{8DBA0242-92B0-4BFF-A0F3-CFD92EF6EDAB}.Release|x86.Build.0 = Release|Any CPU
	EndGlobalSection
	GlobalSection(SolutionProperties) = preSolution
		HideSolutionNode = FALSE
	EndGlobalSection
	GlobalSection(NestedProjects) = preSolution
		{6D29D7A8-EE3B-4683-99EF-D931643A139F} = {C5C9E51D-B9C4-4F93-8FA8-B271C1E93A82}
		{CA4C3324-1205-40CA-BC01-66ADBBA61EE6} = {DE2C261C-2EB2-4577-879B-21A6DBADD631}
		{8DBA0242-92B0-4BFF-A0F3-CFD92EF6EDAB} = {CA4C3324-1205-40CA-BC01-66ADBBA61EE6}
	EndGlobalSection
	GlobalSection(ExtensibilityGlobals) = postSolution
		SolutionGuid = {EACAC794-E109-4E8C-83BA-EBD071B482B3}
	EndGlobalSection
EndGlobal
