
Microsoft Visual Studio Solution File, Format Version 12.00
# Visual Studio Version 17
VisualStudioVersion = 17.0.31903.59
MinimumVisualStudioVersion = 10.0.40219.1
Project("{2150E333-8FDC-42A3-9474-1A3956D46DE8}") = "src", "src", "{462782D4-D747-4DA2-BBAA-2468D6B73827}"
EndProject
Project("{9A19103F-16F7-4668-BE54-9A1E7A4F7556}") = "_build", "build\_build.csproj", "{A67E0344-16E5-4980-BA59-E681AE3F30D5}"
EndProject
Project("{9A19103F-16F7-4668-BE54-9A1E7A4F7556}") = "Xerris.Nuke.Sample.App", "src\App\Xerris.Nuke.Sample.App.csproj", "{CA0AB534-2F58-478B-A350-224375219485}"
EndProject
Project("{2150E333-8FDC-42A3-9474-1A3956D46DE8}") = "build", "build", "{F6AED3F5-F933-4E8C-A36F-9F66DD0F4679}"
EndProject
Global
	GlobalSection(SolutionConfigurationPlatforms) = preSolution
		Debug|Any CPU = Debug|Any CPU
		Debug|x64 = Debug|x64
		Debug|x86 = Debug|x86
		Release|Any CPU = Release|Any CPU
		Release|x64 = Release|x64
		Release|x86 = Release|x86
	EndGlobalSection
	GlobalSection(ProjectConfigurationPlatforms) = postSolution
		{A67E0344-16E5-4980-BA59-E681AE3F30D5}.Debug|Any CPU.ActiveCfg = Debug|Any CPU
		{A67E0344-16E5-4980-BA59-E681AE3F30D5}.Debug|Any CPU.Build.0 = Debug|Any CPU
		{A67E0344-16E5-4980-BA59-E681AE3F30D5}.Debug|x64.ActiveCfg = Debug|Any CPU
		{A67E0344-16E5-4980-BA59-E681AE3F30D5}.Debug|x64.Build.0 = Debug|Any CPU
		{A67E0344-16E5-4980-BA59-E681AE3F30D5}.Debug|x86.ActiveCfg = Debug|Any CPU
		{A67E0344-16E5-4980-BA59-E681AE3F30D5}.Debug|x86.Build.0 = Debug|Any CPU
		{A67E0344-16E5-4980-BA59-E681AE3F30D5}.Release|Any CPU.ActiveCfg = Release|Any CPU
		{A67E0344-16E5-4980-BA59-E681AE3F30D5}.Release|Any CPU.Build.0 = Release|Any CPU
		{A67E0344-16E5-4980-BA59-E681AE3F30D5}.Release|x64.ActiveCfg = Release|Any CPU
		{A67E0344-16E5-4980-BA59-E681AE3F30D5}.Release|x64.Build.0 = Release|Any CPU
		{A67E0344-16E5-4980-BA59-E681AE3F30D5}.Release|x86.ActiveCfg = Release|Any CPU
		{A67E0344-16E5-4980-BA59-E681AE3F30D5}.Release|x86.Build.0 = Release|Any CPU
		{CA0AB534-2F58-478B-A350-224375219485}.Debug|Any CPU.ActiveCfg = Debug|Any CPU
		{CA0AB534-2F58-478B-A350-224375219485}.Debug|Any CPU.Build.0 = Debug|Any CPU
		{CA0AB534-2F58-478B-A350-224375219485}.Debug|x64.ActiveCfg = Debug|Any CPU
		{CA0AB534-2F58-478B-A350-224375219485}.Debug|x64.Build.0 = Debug|Any CPU
		{CA0AB534-2F58-478B-A350-224375219485}.Debug|x86.ActiveCfg = Debug|Any CPU
		{CA0AB534-2F58-478B-A350-224375219485}.Debug|x86.Build.0 = Debug|Any CPU
		{CA0AB534-2F58-478B-A350-224375219485}.Release|Any CPU.ActiveCfg = Release|Any CPU
		{CA0AB534-2F58-478B-A350-224375219485}.Release|Any CPU.Build.0 = Release|Any CPU
		{CA0AB534-2F58-478B-A350-224375219485}.Release|x64.ActiveCfg = Release|Any CPU
		{CA0AB534-2F58-478B-A350-224375219485}.Release|x64.Build.0 = Release|Any CPU
		{CA0AB534-2F58-478B-A350-224375219485}.Release|x86.ActiveCfg = Release|Any CPU
		{CA0AB534-2F58-478B-A350-224375219485}.Release|x86.Build.0 = Release|Any CPU
	EndGlobalSection
	GlobalSection(SolutionProperties) = preSolution
		HideSolutionNode = FALSE
	EndGlobalSection
	GlobalSection(NestedProjects) = preSolution
		{A67E0344-16E5-4980-BA59-E681AE3F30D5} = {F6AED3F5-F933-4E8C-A36F-9F66DD0F4679}
		{CA0AB534-2F58-478B-A350-224375219485} = {462782D4-D747-4DA2-BBAA-2468D6B73827}
	EndGlobalSection
	GlobalSection(ExtensibilityGlobals) = postSolution
		SolutionGuid = {7BC41484-F22D-4C70-9581-8CCC22FC64B1}
	EndGlobalSection
EndGlobal
